<?xml version="1.0" encoding="utf-8"?>
<Project ToolsVersion="4.0" xmlns="http://schemas.microsoft.com/developer/msbuild/2003">
  <ItemGroup>
    <Filter Include="Source Files">
      <UniqueIdentifier>{4FC737F1-C7A5-4376-A066-2A32D752A2FF}</UniqueIdentifier>
      <Extensions>cpp;c;cc;cxx;def;odl;idl;hpj;bat;asm;asmx</Extensions>
    </Filter>
    <Filter Include="Header Files">
      <UniqueIdentifier>{93995380-89BD-4b04-88EB-625FBE52EBFB}</UniqueIdentifier>
      <Extensions>h;hh;hpp;hxx;hm;inl;inc;xsd</Extensions>
    </Filter>
    <Filter Include="Resource Files">
      <UniqueIdentifier>{67DA6AB6-F800-4c08-8B7A-83BB121AAD01}</UniqueIdentifier>
      <Extensions>rc;ico;cur;bmp;dlg;rc2;rct;bin;rgs;gif;jpg;jpeg;jpe;resx;tiff;tif;png;wav;mfcribbon-ms</Extensions>
    </Filter>
    <Filter Include="Form Files">
      <UniqueIdentifier>{99349809-55BA-4b9d-BF79-8FDBB0286EB3}</UniqueIdentifier>
      <Extensions>ui</Extensions>
    </Filter>
    <Filter Include="Resource Files">
      <UniqueIdentifier>{D9D6E242-F8AF-46E4-B9FD-80ECBC20BA3E}</UniqueIdentifier>
      <Extensions>qrc;*</Extensions>
      <ParseFiles>false</ParseFiles>
    </Filter>
    <Filter Include="Header Files\framelesswindow">
      <UniqueIdentifier>{658ceab3-12e2-4307-a926-530b9981532d}</UniqueIdentifier>
    </Filter>
    <Filter Include="Source Files\framelesswindow">
      <UniqueIdentifier>{796905e3-93df-445c-a53e-1ea9e8dcbcf0}</UniqueIdentifier>
    </Filter>
    <Filter Include="Form Files\navigation">
      <UniqueIdentifier>{53a15818-37b5-4419-a885-af0bc4d2f9fe}</UniqueIdentifier>
    </Filter>
    <Filter Include="Source Files\Home Content">
      <UniqueIdentifier>{473f8e1c-1d51-4339-b6dd-c4eb698c186f}</UniqueIdentifier>
    </Filter>
    <Filter Include="Header Files\Home Content">
      <UniqueIdentifier>{3f47c629-4e95-44e1-9a65-3890fa49a54b}</UniqueIdentifier>
    </Filter>
    <Filter Include="Form Files\Home Content">
      <UniqueIdentifier>{e0f13a50-1908-44e7-873a-4448fdb4a99a}</UniqueIdentifier>
    </Filter>
    <Filter Include="Source Files\Settings Content">
      <UniqueIdentifier>{1a6d43e2-4779-4fa8-930d-f89a7c4a59b5}</UniqueIdentifier>
    </Filter>
    <Filter Include="Header Files\Settings Content">
      <UniqueIdentifier>{5807d422-dbee-4856-b8a6-cbcad29b67a1}</UniqueIdentifier>
    </Filter>
    <Filter Include="Source Files\Component">
      <UniqueIdentifier>{ddb5fdc9-dbb7-4301-b81c-f5806c917053}</UniqueIdentifier>
    </Filter>
    <Filter Include="Header Files\Component">
      <UniqueIdentifier>{81e4a406-ce71-4d93-bbc1-42abec565a3e}</UniqueIdentifier>
    </Filter>
    <Filter Include="Header Files\Navigation">
      <UniqueIdentifier>{3046344a-a67f-49c9-bc7e-b2a85b91d9da}</UniqueIdentifier>
    </Filter>
    <Filter Include="Source Files\Navigation">
      <UniqueIdentifier>{6ab372cd-0eb9-4e63-b980-44158ad9aede}</UniqueIdentifier>
    </Filter>
    <Filter Include="Source Files\Component\Toggle">
      <UniqueIdentifier>{573043de-616a-4bfd-8655-f170dd9fdc78}</UniqueIdentifier>
    </Filter>
    <Filter Include="Header Files\Component\Toggle">
      <UniqueIdentifier>{10aa79f2-f050-4bce-8599-d484af3678e5}</UniqueIdentifier>
    </Filter>
    <Filter Include="Source Files\Component\Grid Widget">
      <UniqueIdentifier>{0de20788-0fe8-415c-a36c-a59e23c18b3b}</UniqueIdentifier>
    </Filter>
    <Filter Include="Header Files\Component\Grid Widget">
      <UniqueIdentifier>{58ec5ad9-c3d7-4150-869e-25f1ff93c5f8}</UniqueIdentifier>
    </Filter>
    <Filter Include="Source Files\Component\Top Bar">
      <UniqueIdentifier>{021764f2-6fb6-468b-920f-3c3dd020ddf2}</UniqueIdentifier>
    </Filter>
    <Filter Include="Header Files\Component\Top Bar">
      <UniqueIdentifier>{837fdfe7-773c-4455-87b2-c8bc2f3279d8}</UniqueIdentifier>
    </Filter>
    <Filter Include="Source Files\Component\Flow Layout">
      <UniqueIdentifier>{7ec1c0d3-4bb0-4252-988c-e7b174052d29}</UniqueIdentifier>
    </Filter>
    <Filter Include="Header Files\Component\Flow Layout">
      <UniqueIdentifier>{1746315e-c4ba-408e-8240-4ff8b5799143}</UniqueIdentifier>
    </Filter>
    <Filter Include="Source Files\Component\Select Widget">
      <UniqueIdentifier>{8a3d4049-c943-4cc9-a405-a1adafe5186f}</UniqueIdentifier>
    </Filter>
    <Filter Include="Header Files\Component\Select Widget">
      <UniqueIdentifier>{155007cd-2333-46a8-a794-6b905f5bb39f}</UniqueIdentifier>
    </Filter>
    <Filter Include="Header Files\Dialog">
      <UniqueIdentifier>{8c0a2584-7878-4514-bde8-3f37f83f4d48}</UniqueIdentifier>
    </Filter>
    <Filter Include="Source Files\Dialog">
      <UniqueIdentifier>{7a6b29d2-b110-4419-a90d-15a939533548}</UniqueIdentifier>
    </Filter>
    <Filter Include="Source Files\Component\Widget Transparent">
      <UniqueIdentifier>{8bf14e76-a578-4e21-aeb8-29baf0d5ec76}</UniqueIdentifier>
    </Filter>
    <Filter Include="Header Files\Component\Widget Transparent">
      <UniqueIdentifier>{3597117d-0a2c-4c2c-b843-4ddb8d407c02}</UniqueIdentifier>
    </Filter>
    <Filter Include="Source Files\Component\Circle Process">
      <UniqueIdentifier>{d5c93898-dc9b-45f5-a5df-36ed159e5abb}</UniqueIdentifier>
    </Filter>
    <Filter Include="Header Files\Component\Circle Process">
      <UniqueIdentifier>{5d568633-95be-4850-af46-e6ccf2762388}</UniqueIdentifier>
    </Filter>
    <Filter Include="Source Files\Component\Feature Status">
      <UniqueIdentifier>{280ac053-6011-4ddd-ad7f-a36601a77f63}</UniqueIdentifier>
    </Filter>
    <Filter Include="Header Files\Component\Feature Status">
      <UniqueIdentifier>{cd694b41-7f49-45d7-9903-ae257edd10c5}</UniqueIdentifier>
    </Filter>
  </ItemGroup>
  <ItemGroup>
    <QtRcc Include="mainwindow.qrc">
      <Filter>Resource Files</Filter>
    </QtRcc>
    <QtMoc Include="mainwindow.h">
      <Filter>Header Files</Filter>
    </QtMoc>
    <ClCompile Include="mainwindow.cpp">
      <Filter>Source Files</Filter>
    </ClCompile>
    <QtRcc Include="framelesswindow.qrc">
      <Filter>Resource Files</Filter>
    </QtRcc>
  </ItemGroup>
  <ItemGroup>
    <ClCompile Include="main.cpp">
      <Filter>Source Files</Filter>
    </ClCompile>
    <ClCompile Include="framelesswindow\framelesswindow.cpp">
      <Filter>Source Files\framelesswindow</Filter>
    </ClCompile>
    <ClCompile Include="framelesswindow\windowdragger.cpp">
      <Filter>Source Files\framelesswindow</Filter>
    </ClCompile>
    <ClCompile Include="statuswidget.cpp">
      <Filter>Source Files\Navigation</Filter>
    </ClCompile>
    <ClCompile Include="homewidget.cpp">
      <Filter>Source Files\Navigation</Filter>
    </ClCompile>
    <ClCompile Include="scanwidget.cpp">
      <Filter>Source Files\Navigation</Filter>
    </ClCompile>
    <ClCompile Include="managewidget.cpp">
      <Filter>Source Files\Navigation</Filter>
    </ClCompile>
    <ClCompile Include="settingwidget.cpp">
      <Filter>Source Files\Navigation</Filter>
    </ClCompile>
    <ClCompile Include="Config.cpp">
      <Filter>Source Files</Filter>
    </ClCompile>
    <ClCompile Include="util.cpp">
      <Filter>Source Files</Filter>
    </ClCompile>
    <ClCompile Include="appsetting.cpp">
      <Filter>Source Files</Filter>
    </ClCompile>
    <ClCompile Include="switch.cpp">
      <Filter>Source Files\Component\Toggle</Filter>
    </ClCompile>
    <ClCompile Include="homecontent.cpp">
      <Filter>Source Files\Home Content</Filter>
    </ClCompile>
    <ClCompile Include="homemaincontent.cpp">
      <Filter>Source Files\Home Content</Filter>
    </ClCompile>
    <ClCompile Include="settingscontent.cpp">
      <Filter>Source Files\Settings Content</Filter>
    </ClCompile>
    <ClCompile Include="gridwidget.cpp">
      <Filter>Source Files\Component\Grid Widget</Filter>
    </ClCompile>
    <ClCompile Include="topbar.cpp">
      <Filter>Source Files\Component\Top Bar</Filter>
    </ClCompile>
    <ClCompile Include="flowlayout.cpp">
      <Filter>Source Files\Component\Flow Layout</Filter>
    </ClCompile>
    <ClCompile Include="settinggridcontent.cpp">
      <Filter>Source Files\Settings Content</Filter>
    </ClCompile>
    <ClCompile Include="languagepersonal.cpp">
      <Filter>Source Files\Settings Content</Filter>
    </ClCompile>
    <ClCompile Include="protectionmodes.cpp">
      <Filter>Source Files\Settings Content</Filter>
    </ClCompile>
    <ClCompile Include="selectwidget.cpp">
      <Filter>Source Files\Component\Select Widget</Filter>
    </ClCompile>
    <ClCompile Include="lockdowndialog.cpp">
      <Filter>Source Files\Dialog</Filter>
    </ClCompile>
    <ClCompile Include="trustalldialog.cpp">
      <Filter>Source Files\Dialog</Filter>
    </ClCompile>
    <ClCompile Include="upgradedialog.cpp">
      <Filter>Source Files\Dialog</Filter>
    </ClCompile>
    <ClCompile Include="widgettransparent.cpp">
      <Filter>Source Files\Component\Widget Transparent</Filter>
    </ClCompile>
    <ClCompile Include="circleprocess.cpp">
      <Filter>Source Files\Component\Circle Process</Filter>
    </ClCompile>
    <ClCompile Include="featuredetails.cpp">
      <Filter>Source Files\Home Content</Filter>
    </ClCompile>
    <ClCompile Include="featurestatus.cpp">
      <Filter>Source Files\Component\Feature Status</Filter>
    </ClCompile>
  </ItemGroup>
  <ItemGroup>
    <QtMoc Include="framelesswindow\framelesswindow.h">
      <Filter>Header Files\framelesswindow</Filter>
    </QtMoc>
    <QtMoc Include="framelesswindow\windowdragger.h">
      <Filter>Header Files\framelesswindow</Filter>
    </QtMoc>
    <QtMoc Include="statuswidget.h">
      <Filter>Header Files\Navigation</Filter>
    </QtMoc>
    <QtMoc Include="scanwidget.h">
      <Filter>Header Files\Navigation</Filter>
    </QtMoc>
    <QtMoc Include="homewidget.h">
      <Filter>Header Files\Navigation</Filter>
    </QtMoc>
    <QtMoc Include="managewidget.h">
      <Filter>Header Files\Navigation</Filter>
    </QtMoc>
    <QtMoc Include="settingwidget.h">
      <Filter>Header Files\Navigation</Filter>
    </QtMoc>
    <QtMoc Include="appsetting.h">
      <Filter>Header Files</Filter>
    </QtMoc>
    <QtMoc Include="switch.h">
      <Filter>Header Files\Component\Toggle</Filter>
    </QtMoc>
    <QtMoc Include="homecontent.h">
      <Filter>Header Files\Home Content</Filter>
    </QtMoc>
    <QtMoc Include="homemaincontent.h">
      <Filter>Header Files\Home Content</Filter>
    </QtMoc>
    <QtMoc Include="settingscontent.h">
      <Filter>Header Files\Settings Content</Filter>
    </QtMoc>
    <QtMoc Include="gridwidget.h">
      <Filter>Header Files\Component\Grid Widget</Filter>
    </QtMoc>
    <QtMoc Include="topbar.h">
      <Filter>Header Files\Component\Top Bar</Filter>
    </QtMoc>
    <QtMoc Include="settinggridcontent.h">
      <Filter>Header Files\Settings Content</Filter>
    </QtMoc>
    <QtMoc Include="languagepersonal.h">
      <Filter>Header Files\Settings Content</Filter>
    </QtMoc>
    <QtMoc Include="protectionmodes.h">
      <Filter>Header Files\Settings Content</Filter>
    </QtMoc>
    <QtMoc Include="selectwidget.h">
      <Filter>Header Files\Component\Select Widget</Filter>
    </QtMoc>
    <QtMoc Include="lockdowndialog.h">
      <Filter>Header Files\Dialog</Filter>
    </QtMoc>
    <QtMoc Include="upgradedialog.h">
      <Filter>Header Files\Dialog</Filter>
    </QtMoc>
    <QtMoc Include="trustalldialog.h">
      <Filter>Header Files\Dialog</Filter>
    </QtMoc>
    <QtMoc Include="widgettransparent.h">
      <Filter>Header Files\Component\Widget Transparent</Filter>
    </QtMoc>
    <QtMoc Include="circleprocess.h">
      <Filter>Header Files\Component\Circle Process</Filter>
    </QtMoc>
    <QtMoc Include="featuredetails.h">
      <Filter>Header Files\Home Content</Filter>
    </QtMoc>
    <QtMoc Include="featurestatus.h">
      <Filter>Header Files\Component\Feature Status</Filter>
    </QtMoc>
  </ItemGroup>
  <ItemGroup>
    <QtUic Include="framelesswindow\framelesswindow.ui">
      <Filter>Form Files</Filter>
    </QtUic>
    <QtUic Include="mainwindow.ui">
      <Filter>Form Files</Filter>
    </QtUic>
    <QtUic Include="statuswidget.ui">
      <Filter>Form Files\navigation</Filter>
    </QtUic>
    <QtUic Include="scanwidget.ui">
      <Filter>Form Files\navigation</Filter>
    </QtUic>
    <QtUic Include="managewidget.ui">
      <Filter>Form Files\navigation</Filter>
    </QtUic>
    <QtUic Include="homewidget.ui">
      <Filter>Form Files\navigation</Filter>
    </QtUic>
    <QtUic Include="settingwidget.ui">
      <Filter>Form Files\navigation</Filter>
    </QtUic>
    <QtUic Include="homecontent.ui">
      <Filter>Form Files\Home Content</Filter>
    </QtUic>
    <QtUic Include="homemaincontent.ui">
      <Filter>Form Files\Home Content</Filter>
    </QtUic>
    <QtUic Include="settingscontent.ui">
      <Filter>Form Files</Filter>
    </QtUic>
    <QtUic Include="gridwidget.ui">
      <Filter>Form Files</Filter>
    </QtUic>
    <QtUic Include="topbar.ui">
      <Filter>Form Files</Filter>
    </QtUic>
    <QtUic Include="settinggridcontent.ui">
      <Filter>Form Files</Filter>
    </QtUic>
    <QtUic Include="languagepersonal.ui">
      <Filter>Form Files</Filter>
    </QtUic>
    <QtUic Include="protectionmodes.ui">
      <Filter>Form Files</Filter>
    </QtUic>
    <QtUic Include="selectwidget.ui">
      <Filter>Form Files</Filter>
    </QtUic>
    <QtUic Include="lockdowndialog.ui">
      <Filter>Form Files</Filter>
    </QtUic>
    <QtUic Include="trustalldialog.ui">
      <Filter>Form Files</Filter>
    </QtUic>
    <QtUic Include="upgradedialog.ui">
      <Filter>Form Files</Filter>
    </QtUic>
    <QtUic Include="widgettransparent.ui">
      <Filter>Form Files</Filter>
    </QtUic>
    <QtUic Include="circleprocess.ui">
      <Filter>Form Files</Filter>
    </QtUic>
    <QtUic Include="featuredetails.ui">
      <Filter>Form Files</Filter>
    </QtUic>
    <QtUic Include="featurestatus.ui">
      <Filter>Form Files</Filter>
    </QtUic>
  </ItemGroup>
  <ItemGroup>
    <ClInclude Include="resource.h">
      <Filter>Header Files</Filter>
    </ClInclude>
    <ClInclude Include="Config.h">
      <Filter>Header Files</Filter>
    </ClInclude>
    <ClInclude Include="define.h">
      <Filter>Header Files</Filter>
    </ClInclude>
    <ClInclude Include="util.h">
      <Filter>Header Files</Filter>
    </ClInclude>
    <ClInclude Include="style.h">
      <Filter>Header Files\Component\Toggle</Filter>
    </ClInclude>
    <ClInclude Include="flowlayout.h">
      <Filter>Header Files\Component\Flow Layout</Filter>
    </ClInclude>
  </ItemGroup>
  <ItemGroup>
    <ResourceCompile Include="SecureAplus.rc">
      <Filter>Resource Files</Filter>
    </ResourceCompile>
  </ItemGroup>
</Project>