
Microsoft Visual Studio Solution File, Format Version 12.00
# Visual Studio Version 16
VisualStudioVersion = 16.0.30621.155
MinimumVisualStudioVersion = 10.0.40219.1
Project("{8BC9CEB8-8B4A-11D0-8D11-00A0C91BC942}") = "SecureAplus", "SecureAplus\SecureAplus.vcxproj", "{36DD9E82-89E7-4759-BCDB-1B7616427282}"
EndProject
Global
	GlobalSection(SolutionConfigurationPlatforms) = preSolution
		Debug|x64 = Debug|x64
		Debug|x86 = Debug|x86
		Release|x64 = Release|x64
		Release|x86 = Release|x86
	EndGlobalSection
	GlobalSection(ProjectConfigurationPlatforms) = postSolution
		{36DD9E82-89E7-4759-BCDB-1B7616427282}.Debug|x64.ActiveCfg = Debug|x64
		{36DD9E82-89E7-4759-BCDB-1B7616427282}.Debug|x64.Build.0 = Debug|x64
		{36DD9E82-89E7-4759-BCDB-1B7616427282}.Debug|x86.ActiveCfg = Debug|Win32
		{36DD9E82-89E7-4759-BCDB-1B7616427282}.Debug|x86.Build.0 = Debug|Win32
		{36DD9E82-89E7-4759-BCDB-1B7616427282}.Release|x64.ActiveCfg = Release|x64
		{36DD9E82-89E7-4759-BCDB-1B7616427282}.Release|x64.Build.0 = Release|x64
		{36DD9E82-89E7-4759-BCDB-1B7616427282}.Release|x86.ActiveCfg = Release|Win32
		{36DD9E82-89E7-4759-BCDB-1B7616427282}.Release|x86.Build.0 = Release|Win32
	EndGlobalSection
	GlobalSection(SolutionProperties) = preSolution
		HideSolutionNode = FALSE
	EndGlobalSection
	GlobalSection(ExtensibilityGlobals) = postSolution
		SolutionGuid = {C2D2439B-3E50-44DA-A13C-4113BEBCDD01}
	EndGlobalSection
EndGlobal
